// !$*UTF8*$!
{
	archiveVersion = 1;
	classes = {
	};
	objectVersion = 56;
	objects = {

/* Begin PBXBuildFile section */
		316C3A1B2C03F5EA008951CC /* LabelMenuBar.swift in Sources */ = {isa = PBXBuildFile; fileRef = 316C3A1A2C03F5EA008951CC /* LabelMenuBar.swift */; };
		316DA4F92C04F1CB004FA471 /* ReminderToggle.swift in Sources */ = {isa = PBXBuildFile; fileRef = 316DA4F82C04F1CB004FA471 /* ReminderToggle.swift */; };
		316DA4FC2C04FADB004FA471 /* ReminderFormatter.swift in Sources */ = {isa = PBXBuildFile; fileRef = 316DA4FB2C04FADB004FA471 /* ReminderFormatter.swift */; };
		319BB0B62C00D34300A43AC4 /* ReminderMenuBarApp.swift in Sources */ = {isa = PBXBuildFile; fileRef = 319BB0B52C00D34300A43AC4 /* ReminderMenuBarApp.swift */; };
		319BB0B82C00D34300A43AC4 /* ContentView.swift in Sources */ = {isa = PBXBuildFile; fileRef = 319BB0B72C00D34300A43AC4 /* ContentView.swift */; };
		319BB0BA2C00D34500A43AC4 /* Assets.xcassets in Resources */ = {isa = PBXBuildFile; fileRef = 319BB0B92C00D34500A43AC4 /* Assets.xcassets */; };
		319BB0BD2C00D34500A43AC4 /* Preview Assets.xcassets in Resources */ = {isa = PBXBuildFile; fileRef = 319BB0BC2C00D34500A43AC4 /* Preview Assets.xcassets */; };
		319BB0C82C00D34500A43AC4 /* ReminderMenuBarTests.swift in Sources */ = {isa = PBXBuildFile; fileRef = 319BB0C72C00D34500A43AC4 /* ReminderMenuBarTests.swift */; };
		319BB0D22C00D34500A43AC4 /* ReminderMenuBarUITests.swift in Sources */ = {isa = PBXBuildFile; fileRef = 319BB0D12C00D34500A43AC4 /* ReminderMenuBarUITests.swift */; };
		319BB0D42C00D34500A43AC4 /* ReminderMenuBarUITestsLaunchTests.swift in Sources */ = {isa = PBXBuildFile; fileRef = 319BB0D32C00D34500A43AC4 /* ReminderMenuBarUITestsLaunchTests.swift */; };
		319BB0E12C00D44A00A43AC4 /* ReminderModelData.swift in Sources */ = {isa = PBXBuildFile; fileRef = 319BB0E02C00D44A00A43AC4 /* ReminderModelData.swift */; };
		31B29E672C1909DE00EA232D /* EmptyStateReminders.swift in Sources */ = {isa = PBXBuildFile; fileRef = 31B29E662C1909DE00EA232D /* EmptyStateReminders.swift */; };
		31B29E6A2C1912EF00EA232D /* PadEnd.swift in Sources */ = {isa = PBXBuildFile; fileRef = 31B29E692C1912EF00EA232D /* PadEnd.swift */; };
/* End PBXBuildFile section */

/* Begin PBXContainerItemProxy section */
		319BB0C42C00D34500A43AC4 /* PBXContainerItemProxy */ = {
			isa = PBXContainerItemProxy;
			containerPortal = 319BB0AA2C00D34300A43AC4 /* Project object */;
			proxyType = 1;
			remoteGlobalIDString = 319BB0B12C00D34300A43AC4;
			remoteInfo = ReminderMenuBar;
		};
		319BB0CE2C00D34500A43AC4 /* PBXContainerItemProxy */ = {
			isa = PBXContainerItemProxy;
			containerPortal = 319BB0AA2C00D34300A43AC4 /* Project object */;
			proxyType = 1;
			remoteGlobalIDString = 319BB0B12C00D34300A43AC4;
			remoteInfo = ReminderMenuBar;
		};
/* End PBXContainerItemProxy section */

/* Begin PBXFileReference section */
		316C3A1A2C03F5EA008951CC /* LabelMenuBar.swift */ = {isa = PBXFileReference; lastKnownFileType = sourcecode.swift; path = LabelMenuBar.swift; sourceTree = "<group>"; };
		316DA4F82C04F1CB004FA471 /* ReminderToggle.swift */ = {isa = PBXFileReference; lastKnownFileType = sourcecode.swift; path = ReminderToggle.swift; sourceTree = "<group>"; };
		316DA4FB2C04FADB004FA471 /* ReminderFormatter.swift */ = {isa = PBXFileReference; lastKnownFileType = sourcecode.swift; path = ReminderFormatter.swift; sourceTree = "<group>"; };
		319BB0B22C00D34300A43AC4 /* ReminderMenuBar.app */ = {isa = PBXFileReference; explicitFileType = wrapper.application; includeInIndex = 0; path = ReminderMenuBar.app; sourceTree = BUILT_PRODUCTS_DIR; };
		319BB0B52C00D34300A43AC4 /* ReminderMenuBarApp.swift */ = {isa = PBXFileReference; lastKnownFileType = sourcecode.swift; path = ReminderMenuBarApp.swift; sourceTree = "<group>"; };
		319BB0B72C00D34300A43AC4 /* ContentView.swift */ = {isa = PBXFileReference; lastKnownFileType = sourcecode.swift; path = ContentView.swift; sourceTree = "<group>"; };
		319BB0B92C00D34500A43AC4 /* Assets.xcassets */ = {isa = PBXFileReference; lastKnownFileType = folder.assetcatalog; path = Assets.xcassets; sourceTree = "<group>"; };
		319BB0BC2C00D34500A43AC4 /* Preview Assets.xcassets */ = {isa = PBXFileReference; lastKnownFileType = folder.assetcatalog; path = "Preview Assets.xcassets"; sourceTree = "<group>"; };
		319BB0BE2C00D34500A43AC4 /* ReminderMenuBar.entitlements */ = {isa = PBXFileReference; lastKnownFileType = text.plist.entitlements; path = ReminderMenuBar.entitlements; sourceTree = "<group>"; };
		319BB0C32C00D34500A43AC4 /* ReminderMenuBarTests.xctest */ = {isa = PBXFileReference; explicitFileType = wrapper.cfbundle; includeInIndex = 0; path = ReminderMenuBarTests.xctest; sourceTree = BUILT_PRODUCTS_DIR; };
		319BB0C72C00D34500A43AC4 /* ReminderMenuBarTests.swift */ = {isa = PBXFileReference; lastKnownFileType = sourcecode.swift; path = ReminderMenuBarTests.swift; sourceTree = "<group>"; };
		319BB0CD2C00D34500A43AC4 /* ReminderMenuBarUITests.xctest */ = {isa = PBXFileReference; explicitFileType = wrapper.cfbundle; includeInIndex = 0; path = ReminderMenuBarUITests.xctest; sourceTree = BUILT_PRODUCTS_DIR; };
		319BB0D12C00D34500A43AC4 /* ReminderMenuBarUITests.swift */ = {isa = PBXFileReference; lastKnownFileType = sourcecode.swift; path = ReminderMenuBarUITests.swift; sourceTree = "<group>"; };
		319BB0D32C00D34500A43AC4 /* ReminderMenuBarUITestsLaunchTests.swift */ = {isa = PBXFileReference; lastKnownFileType = sourcecode.swift; path = ReminderMenuBarUITestsLaunchTests.swift; sourceTree = "<group>"; };
		319BB0E02C00D44A00A43AC4 /* ReminderModelData.swift */ = {isa = PBXFileReference; lastKnownFileType = sourcecode.swift; path = ReminderModelData.swift; sourceTree = "<group>"; };
		31B29E662C1909DE00EA232D /* EmptyStateReminders.swift */ = {isa = PBXFileReference; lastKnownFileType = sourcecode.swift; path = EmptyStateReminders.swift; sourceTree = "<group>"; };
		31B29E692C1912EF00EA232D /* PadEnd.swift */ = {isa = PBXFileReference; lastKnownFileType = sourcecode.swift; path = PadEnd.swift; sourceTree = "<group>"; };
/* End PBXFileReference section */

/* Begin PBXFrameworksBuildPhase section */
		319BB0AF2C00D34300A43AC4 /* Frameworks */ = {
			isa = PBXFrameworksBuildPhase;
			buildActionMask = 2147483647;
			files = (
			);
			runOnlyForDeploymentPostprocessing = 0;
		};
		319BB0C02C00D34500A43AC4 /* Frameworks */ = {
			isa = PBXFrameworksBuildPhase;
			buildActionMask = 2147483647;
			files = (
			);
			runOnlyForDeploymentPostprocessing = 0;
		};
		319BB0CA2C00D34500A43AC4 /* Frameworks */ = {
			isa = PBXFrameworksBuildPhase;
			buildActionMask = 2147483647;
			files = (
			);
			runOnlyForDeploymentPostprocessing = 0;
		};
/* End PBXFrameworksBuildPhase section */

/* Begin PBXGroup section */
		316C3A1C2C040B77008951CC /* Presentation */ = {
			isa = PBXGroup;
			children = (
				316DA4F72C04F1B2004FA471 /* Components */,
				316C3A1A2C03F5EA008951CC /* LabelMenuBar.swift */,
				319BB0B72C00D34300A43AC4 /* ContentView.swift */,
			);
			path = Presentation;
			sourceTree = "<group>";
		};
		316C3A1D2C040B8C008951CC /* Data */ = {
			isa = PBXGroup;
			children = (
				319BB0E02C00D44A00A43AC4 /* ReminderModelData.swift */,
			);
			path = Data;
			sourceTree = "<group>";
		};
		316C3A1E2C040BB1008951CC /* Resources */ = {
			isa = PBXGroup;
			children = (
				319BB0B92C00D34500A43AC4 /* Assets.xcassets */,
				319BB0BB2C00D34500A43AC4 /* Preview Content */,
			);
			path = Resources;
			sourceTree = "<group>";
		};
		316DA4F72C04F1B2004FA471 /* Components */ = {
			isa = PBXGroup;
			children = (
				316DA4F82C04F1CB004FA471 /* ReminderToggle.swift */,
				31B29E662C1909DE00EA232D /* EmptyStateReminders.swift */,
			);
			path = Components;
			sourceTree = "<group>";
		};
		316DA4FA2C04FAC7004FA471 /* Utils */ = {
			isa = PBXGroup;
			children = (
				316DA4FB2C04FADB004FA471 /* ReminderFormatter.swift */,
			);
			path = Utils;
			sourceTree = "<group>";
		};
		319BB0A92C00D34300A43AC4 = {
			isa = PBXGroup;
			children = (
				319BB0B42C00D34300A43AC4 /* ReminderMenuBar */,
				319BB0C62C00D34500A43AC4 /* ReminderMenuBarTests */,
				319BB0D02C00D34500A43AC4 /* ReminderMenuBarUITests */,
				319BB0B32C00D34300A43AC4 /* Products */,
			);
			sourceTree = "<group>";
		};
		319BB0B32C00D34300A43AC4 /* Products */ = {
			isa = PBXGroup;
			children = (
				319BB0B22C00D34300A43AC4 /* ReminderMenuBar.app */,
				319BB0C32C00D34500A43AC4 /* ReminderMenuBarTests.xctest */,
				319BB0CD2C00D34500A43AC4 /* ReminderMenuBarUITests.xctest */,
			);
			name = Products;
			sourceTree = "<group>";
		};
		319BB0B42C00D34300A43AC4 /* ReminderMenuBar */ = {
			isa = PBXGroup;
			children = (
				31B29E682C1912DB00EA232D /* Extensions */,
				316DA4FA2C04FAC7004FA471 /* Utils */,
				316C3A1C2C040B77008951CC /* Presentation */,
				316C3A1D2C040B8C008951CC /* Data */,
				316C3A1E2C040BB1008951CC /* Resources */,
				319BB0B52C00D34300A43AC4 /* ReminderMenuBarApp.swift */,
				319BB0BE2C00D34500A43AC4 /* ReminderMenuBar.entitlements */,
			);
			path = ReminderMenuBar;
			sourceTree = "<group>";
		};
		319BB0BB2C00D34500A43AC4 /* Preview Content */ = {
			isa = PBXGroup;
			children = (
				319BB0BC2C00D34500A43AC4 /* Preview Assets.xcassets */,
			);
			path = "Preview Content";
			sourceTree = "<group>";
		};
		319BB0C62C00D34500A43AC4 /* ReminderMenuBarTests */ = {
			isa = PBXGroup;
			children = (
				319BB0C72C00D34500A43AC4 /* ReminderMenuBarTests.swift */,
			);
			path = ReminderMenuBarTests;
			sourceTree = "<group>";
		};
		319BB0D02C00D34500A43AC4 /* ReminderMenuBarUITests */ = {
			isa = PBXGroup;
			children = (
				319BB0D12C00D34500A43AC4 /* ReminderMenuBarUITests.swift */,
				319BB0D32C00D34500A43AC4 /* ReminderMenuBarUITestsLaunchTests.swift */,
			);
			path = ReminderMenuBarUITests;
			sourceTree = "<group>";
		};
		31B29E682C1912DB00EA232D /* Extensions */ = {
			isa = PBXGroup;
			children = (
				31B29E692C1912EF00EA232D /* PadEnd.swift */,
			);
			path = Extensions;
			sourceTree = "<group>";
		};
/* End PBXGroup section */

/* Begin PBXNativeTarget section */
		319BB0B12C00D34300A43AC4 /* ReminderMenuBar */ = {
			isa = PBXNativeTarget;
			buildConfigurationList = 319BB0D72C00D34500A43AC4 /* Build configuration list for PBXNativeTarget "ReminderMenuBar" */;
			buildPhases = (
				319BB0AE2C00D34300A43AC4 /* Sources */,
				319BB0AF2C00D34300A43AC4 /* Frameworks */,
				319BB0B02C00D34300A43AC4 /* Resources */,
			);
			buildRules = (
			);
			dependencies = (
			);
			name = ReminderMenuBar;
			productName = ReminderMenuBar;
			productReference = 319BB0B22C00D34300A43AC4 /* ReminderMenuBar.app */;
			productType = "com.apple.product-type.application";
		};
		319BB0C22C00D34500A43AC4 /* ReminderMenuBarTests */ = {
			isa = PBXNativeTarget;
			buildConfigurationList = 319BB0DA2C00D34500A43AC4 /* Build configuration list for PBXNativeTarget "ReminderMenuBarTests" */;
			buildPhases = (
				319BB0BF2C00D34500A43AC4 /* Sources */,
				319BB0C02C00D34500A43AC4 /* Frameworks */,
				319BB0C12C00D34500A43AC4 /* Resources */,
			);
			buildRules = (
			);
			dependencies = (
				319BB0C52C00D34500A43AC4 /* PBXTargetDependency */,
			);
			name = ReminderMenuBarTests;
			productName = ReminderMenuBarTests;
			productReference = 319BB0C32C00D34500A43AC4 /* ReminderMenuBarTests.xctest */;
			productType = "com.apple.product-type.bundle.unit-test";
		};
		319BB0CC2C00D34500A43AC4 /* ReminderMenuBarUITests */ = {
			isa = PBXNativeTarget;
			buildConfigurationList = 319BB0DD2C00D34500A43AC4 /* Build configuration list for PBXNativeTarget "ReminderMenuBarUITests" */;
			buildPhases = (
				319BB0C92C00D34500A43AC4 /* Sources */,
				319BB0CA2C00D34500A43AC4 /* Frameworks */,
				319BB0CB2C00D34500A43AC4 /* Resources */,
			);
			buildRules = (
			);
			dependencies = (
				319BB0CF2C00D34500A43AC4 /* PBXTargetDependency */,
			);
			name = ReminderMenuBarUITests;
			productName = ReminderMenuBarUITests;
			productReference = 319BB0CD2C00D34500A43AC4 /* ReminderMenuBarUITests.xctest */;
			productType = "com.apple.product-type.bundle.ui-testing";
		};
/* End PBXNativeTarget section */

/* Begin PBXProject section */
		319BB0AA2C00D34300A43AC4 /* Project object */ = {
			isa = PBXProject;
			attributes = {
				BuildIndependentTargetsInParallel = 1;
				LastSwiftUpdateCheck = 1540;
				LastUpgradeCheck = 1540;
				TargetAttributes = {
					319BB0B12C00D34300A43AC4 = {
						CreatedOnToolsVersion = 15.4;
					};
					319BB0C22C00D34500A43AC4 = {
						CreatedOnToolsVersion = 15.4;
						TestTargetID = 319BB0B12C00D34300A43AC4;
					};
					319BB0CC2C00D34500A43AC4 = {
						CreatedOnToolsVersion = 15.4;
						TestTargetID = 319BB0B12C00D34300A43AC4;
					};
				};
			};
			buildConfigurationList = 319BB0AD2C00D34300A43AC4 /* Build configuration list for PBXProject "ReminderMenuBar" */;
			compatibilityVersion = "Xcode 14.0";
			developmentRegion = en;
			hasScannedForEncodings = 0;
			knownRegions = (
				en,
				Base,
			);
			mainGroup = 319BB0A92C00D34300A43AC4;
			productRefGroup = 319BB0B32C00D34300A43AC4 /* Products */;
			projectDirPath = "";
			projectRoot = "";
			targets = (
				319BB0B12C00D34300A43AC4 /* ReminderMenuBar */,
				319BB0C22C00D34500A43AC4 /* ReminderMenuBarTests */,
				319BB0CC2C00D34500A43AC4 /* ReminderMenuBarUITests */,
			);
		};
/* End PBXProject section */

/* Begin PBXResourcesBuildPhase section */
		319BB0B02C00D34300A43AC4 /* Resources */ = {
			isa = PBXResourcesBuildPhase;
			buildActionMask = 2147483647;
			files = (
				319BB0BD2C00D34500A43AC4 /* Preview Assets.xcassets in Resources */,
				319BB0BA2C00D34500A43AC4 /* Assets.xcassets in Resources */,
			);
			runOnlyForDeploymentPostprocessing = 0;
		};
		319BB0C12C00D34500A43AC4 /* Resources */ = {
			isa = PBXResourcesBuildPhase;
			buildActionMask = 2147483647;
			files = (
			);
			runOnlyForDeploymentPostprocessing = 0;
		};
		319BB0CB2C00D34500A43AC4 /* Resources */ = {
			isa = PBXResourcesBuildPhase;
			buildActionMask = 2147483647;
			files = (
			);
			runOnlyForDeploymentPostprocessing = 0;
		};
/* End PBXResourcesBuildPhase section */

/* Begin PBXSourcesBuildPhase section */
		319BB0AE2C00D34300A43AC4 /* Sources */ = {
			isa = PBXSourcesBuildPhase;
			buildActionMask = 2147483647;
			files = (
				319BB0E12C00D44A00A43AC4 /* ReminderModelData.swift in Sources */,
				319BB0B82C00D34300A43AC4 /* ContentView.swift in Sources */,
				316DA4FC2C04FADB004FA471 /* ReminderFormatter.swift in Sources */,
				31B29E6A2C1912EF00EA232D /* PadEnd.swift in Sources */,
				319BB0B62C00D34300A43AC4 /* ReminderMenuBarApp.swift in Sources */,
				31B29E672C1909DE00EA232D /* EmptyStateReminders.swift in Sources */,
				316DA4F92C04F1CB004FA471 /* ReminderToggle.swift in Sources */,
				316C3A1B2C03F5EA008951CC /* LabelMenuBar.swift in Sources */,
			);
			runOnlyForDeploymentPostprocessing = 0;
		};
		319BB0BF2C00D34500A43AC4 /* Sources */ = {
			isa = PBXSourcesBuildPhase;
			buildActionMask = 2147483647;
			files = (
				319BB0C82C00D34500A43AC4 /* ReminderMenuBarTests.swift in Sources */,
			);
			runOnlyForDeploymentPostprocessing = 0;
		};
		319BB0C92C00D34500A43AC4 /* Sources */ = {
			isa = PBXSourcesBuildPhase;
			buildActionMask = 2147483647;
			files = (
				319BB0D22C00D34500A43AC4 /* ReminderMenuBarUITests.swift in Sources */,
				319BB0D42C00D34500A43AC4 /* ReminderMenuBarUITestsLaunchTests.swift in Sources */,
			);
			runOnlyForDeploymentPostprocessing = 0;
		};
/* End PBXSourcesBuildPhase section */

/* Begin PBXTargetDependency section */
		319BB0C52C00D34500A43AC4 /* PBXTargetDependency */ = {
			isa = PBXTargetDependency;
			target = 319BB0B12C00D34300A43AC4 /* ReminderMenuBar */;
			targetProxy = 319BB0C42C00D34500A43AC4 /* PBXContainerItemProxy */;
		};
		319BB0CF2C00D34500A43AC4 /* PBXTargetDependency */ = {
			isa = PBXTargetDependency;
			target = 319BB0B12C00D34300A43AC4 /* ReminderMenuBar */;
			targetProxy = 319BB0CE2C00D34500A43AC4 /* PBXContainerItemProxy */;
		};
/* End PBXTargetDependency section */

/* Begin XCBuildConfiguration section */
		319BB0D52C00D34500A43AC4 /* Debug */ = {
			isa = XCBuildConfiguration;
			buildSettings = {
				ALWAYS_SEARCH_USER_PATHS = NO;
				ASSETCATALOG_COMPILER_GENERATE_SWIFT_ASSET_SYMBOL_EXTENSIONS = YES;
				CLANG_ANALYZER_NONNULL = YES;
				CLANG_ANALYZER_NUMBER_OBJECT_CONVERSION = YES_AGGRESSIVE;
				CLANG_CXX_LANGUAGE_STANDARD = "gnu++20";
				CLANG_ENABLE_MODULES = YES;
				CLANG_ENABLE_OBJC_ARC = YES;
				CLANG_ENABLE_OBJC_WEAK = YES;
				CLANG_WARN_BLOCK_CAPTURE_AUTORELEASING = YES;
				CLANG_WARN_BOOL_CONVERSION = YES;
				CLANG_WARN_COMMA = YES;
				CLANG_WARN_CONSTANT_CONVERSION = YES;
				CLANG_WARN_DEPRECATED_OBJC_IMPLEMENTATIONS = YES;
				CLANG_WARN_DIRECT_OBJC_ISA_USAGE = YES_ERROR;
				CLANG_WARN_DOCUMENTATION_COMMENTS = YES;
				CLANG_WARN_EMPTY_BODY = YES;
				CLANG_WARN_ENUM_CONVERSION = YES;
				CLANG_WARN_INFINITE_RECURSION = YES;
				CLANG_WARN_INT_CONVERSION = YES;
				CLANG_WARN_NON_LITERAL_NULL_CONVERSION = YES;
				CLANG_WARN_OBJC_IMPLICIT_RETAIN_SELF = YES;
				CLANG_WARN_OBJC_LITERAL_CONVERSION = YES;
				CLANG_WARN_OBJC_ROOT_CLASS = YES_ERROR;
				CLANG_WARN_QUOTED_INCLUDE_IN_FRAMEWORK_HEADER = YES;
				CLANG_WARN_RANGE_LOOP_ANALYSIS = YES;
				CLANG_WARN_STRICT_PROTOTYPES = YES;
				CLANG_WARN_SUSPICIOUS_MOVE = YES;
				CLANG_WARN_UNGUARDED_AVAILABILITY = YES_AGGRESSIVE;
				CLANG_WARN_UNREACHABLE_CODE = YES;
				CLANG_WARN__DUPLICATE_METHOD_MATCH = YES;
				COPY_PHASE_STRIP = NO;
				DEBUG_INFORMATION_FORMAT = dwarf;
				ENABLE_STRICT_OBJC_MSGSEND = YES;
				ENABLE_TESTABILITY = YES;
				ENABLE_USER_SCRIPT_SANDBOXING = YES;
				GCC_C_LANGUAGE_STANDARD = gnu17;
				GCC_DYNAMIC_NO_PIC = NO;
				GCC_NO_COMMON_BLOCKS = YES;
				GCC_OPTIMIZATION_LEVEL = 0;
				GCC_PREPROCESSOR_DEFINITIONS = (
					"DEBUG=1",
					"$(inherited)",
				);
				GCC_WARN_64_TO_32_BIT_CONVERSION = YES;
				GCC_WARN_ABOUT_RETURN_TYPE = YES_ERROR;
				GCC_WARN_UNDECLARED_SELECTOR = YES;
				GCC_WARN_UNINITIALIZED_AUTOS = YES_AGGRESSIVE;
				GCC_WARN_UNUSED_FUNCTION = YES;
				GCC_WARN_UNUSED_VARIABLE = YES;
				LOCALIZATION_PREFERS_STRING_CATALOGS = YES;
				MACOSX_DEPLOYMENT_TARGET = 14.5;
				MTL_ENABLE_DEBUG_INFO = INCLUDE_SOURCE;
				MTL_FAST_MATH = YES;
				ONLY_ACTIVE_ARCH = YES;
				SDKROOT = macosx;
				SWIFT_ACTIVE_COMPILATION_CONDITIONS = "DEBUG $(inherited)";
				SWIFT_OPTIMIZATION_LEVEL = "-Onone";
			};
			name = Debug;
		};
		319BB0D62C00D34500A43AC4 /* Release */ = {
			isa = XCBuildConfiguration;
			buildSettings = {
				ALWAYS_SEARCH_USER_PATHS = NO;
				ASSETCATALOG_COMPILER_GENERATE_SWIFT_ASSET_SYMBOL_EXTENSIONS = YES;
				CLANG_ANALYZER_NONNULL = YES;
				CLANG_ANALYZER_NUMBER_OBJECT_CONVERSION = YES_AGGRESSIVE;
				CLANG_CXX_LANGUAGE_STANDARD = "gnu++20";
				CLANG_ENABLE_MODULES = YES;
				CLANG_ENABLE_OBJC_ARC = YES;
				CLANG_ENABLE_OBJC_WEAK = YES;
				CLANG_WARN_BLOCK_CAPTURE_AUTORELEASING = YES;
				CLANG_WARN_BOOL_CONVERSION = YES;
				CLANG_WARN_COMMA = YES;
				CLANG_WARN_CONSTANT_CONVERSION = YES;
				CLANG_WARN_DEPRECATED_OBJC_IMPLEMENTATIONS = YES;
				CLANG_WARN_DIRECT_OBJC_ISA_USAGE = YES_ERROR;
				CLANG_WARN_DOCUMENTATION_COMMENTS = YES;
				CLANG_WARN_EMPTY_BODY = YES;
				CLANG_WARN_ENUM_CONVERSION = YES;
				CLANG_WARN_INFINITE_RECURSION = YES;
				CLANG_WARN_INT_CONVERSION = YES;
				CLANG_WARN_NON_LITERAL_NULL_CONVERSION = YES;
				CLANG_WARN_OBJC_IMPLICIT_RETAIN_SELF = YES;
				CLANG_WARN_OBJC_LITERAL_CONVERSION = YES;
				CLANG_WARN_OBJC_ROOT_CLASS = YES_ERROR;
				CLANG_WARN_QUOTED_INCLUDE_IN_FRAMEWORK_HEADER = YES;
				CLANG_WARN_RANGE_LOOP_ANALYSIS = YES;
				CLANG_WARN_STRICT_PROTOTYPES = YES;
				CLANG_WARN_SUSPICIOUS_MOVE = YES;
				CLANG_WARN_UNGUARDED_AVAILABILITY = YES_AGGRESSIVE;
				CLANG_WARN_UNREACHABLE_CODE = YES;
				CLANG_WARN__DUPLICATE_METHOD_MATCH = YES;
				COPY_PHASE_STRIP = NO;
				DEBUG_INFORMATION_FORMAT = "dwarf-with-dsym";
				ENABLE_NS_ASSERTIONS = NO;
				ENABLE_STRICT_OBJC_MSGSEND = YES;
				ENABLE_USER_SCRIPT_SANDBOXING = YES;
				GCC_C_LANGUAGE_STANDARD = gnu17;
				GCC_NO_COMMON_BLOCKS = YES;
				GCC_WARN_64_TO_32_BIT_CONVERSION = YES;
				GCC_WARN_ABOUT_RETURN_TYPE = YES_ERROR;
				GCC_WARN_UNDECLARED_SELECTOR = YES;
				GCC_WARN_UNINITIALIZED_AUTOS = YES_AGGRESSIVE;
				GCC_WARN_UNUSED_FUNCTION = YES;
				GCC_WARN_UNUSED_VARIABLE = YES;
				LOCALIZATION_PREFERS_STRING_CATALOGS = YES;
				MACOSX_DEPLOYMENT_TARGET = 14.5;
				MTL_ENABLE_DEBUG_INFO = NO;
				MTL_FAST_MATH = YES;
				SDKROOT = macosx;
				SWIFT_COMPILATION_MODE = wholemodule;
			};
			name = Release;
		};
		319BB0D82C00D34500A43AC4 /* Debug */ = {
			isa = XCBuildConfiguration;
			buildSettings = {
				ASSETCATALOG_COMPILER_APPICON_NAME = AppIcon;
				ASSETCATALOG_COMPILER_GLOBAL_ACCENT_COLOR_NAME = AccentColor;
				CODE_SIGN_ENTITLEMENTS = ReminderMenuBar/ReminderMenuBar.entitlements;
				"CODE_SIGN_IDENTITY[sdk=macosx*]" = "Apple Development";
				CODE_SIGN_STYLE = Automatic;
				COMBINE_HIDPI_IMAGES = YES;
				CURRENT_PROJECT_VERSION = 1;
				DEVELOPMENT_ASSET_PATHS = "\"ReminderMenuBar/Resources/Preview Content\"";
				DEVELOPMENT_TEAM = WJAZ3XSD4V;
				ENABLE_HARDENED_RUNTIME = YES;
				ENABLE_PREVIEWS = YES;
				GENERATE_INFOPLIST_FILE = YES;
				INFOPLIST_KEY_CFBundleDisplayName = "Reminder App Bar";
				INFOPLIST_KEY_LSApplicationCategoryType = "public.app-category.productivity";
				INFOPLIST_KEY_LSUIElement = YES;
				INFOPLIST_KEY_NSHumanReadableCopyright = "";
				INFOPLIST_KEY_NSRemindersUsageDescription = "We need permission to your reminders";
				LD_RUNPATH_SEARCH_PATHS = (
					"$(inherited)",
					"@executable_path/../Frameworks",
				);
				MARKETING_VERSION = 1.0;
				PRODUCT_BUNDLE_IDENTIFIER = br.com.jao.app.ReminderMenuBar;
				PRODUCT_NAME = "$(TARGET_NAME)";
				SWIFT_EMIT_LOC_STRINGS = YES;
				SWIFT_VERSION = 5.0;
			};
			name = Debug;
		};
		319BB0D92C00D34500A43AC4 /* Release */ = {
			isa = XCBuildConfiguration;
			buildSettings = {
				ASSETCATALOG_COMPILER_APPICON_NAME = AppIcon;
				ASSETCATALOG_COMPILER_GLOBAL_ACCENT_COLOR_NAME = AccentColor;
				CODE_SIGN_ENTITLEMENTS = ReminderMenuBar/ReminderMenuBar.entitlements;
				"CODE_SIGN_IDENTITY[sdk=macosx*]" = "Apple Development";
				CODE_SIGN_STYLE = Automatic;
				COMBINE_HIDPI_IMAGES = YES;
				CURRENT_PROJECT_VERSION = 1;
				DEVELOPMENT_ASSET_PATHS = "\"ReminderMenuBar/Resources/Preview Content\"";
				DEVELOPMENT_TEAM = WJAZ3XSD4V;
				ENABLE_HARDENED_RUNTIME = YES;
				ENABLE_PREVIEWS = YES;
				GENERATE_INFOPLIST_FILE = YES;
				INFOPLIST_KEY_CFBundleDisplayName = "Reminder App Bar";
				INFOPLIST_KEY_LSApplicationCategoryType = "public.app-category.productivity";
				INFOPLIST_KEY_LSUIElement = YES;
				INFOPLIST_KEY_NSHumanReadableCopyright = "";
				INFOPLIST_KEY_NSRemindersUsageDescription = "We need permission to your reminders";
				LD_RUNPATH_SEARCH_PATHS = (
					"$(inherited)",
					"@executable_path/../Frameworks",
				);
				MARKETING_VERSION = 1.0;
				PRODUCT_BUNDLE_IDENTIFIER = br.com.jao.app.ReminderMenuBar;
				PRODUCT_NAME = "$(TARGET_NAME)";
				SWIFT_EMIT_LOC_STRINGS = YES;
				SWIFT_VERSION = 5.0;
			};
			name = Release;
		};
		319BB0DB2C00D34500A43AC4 /* Debug */ = {
			isa = XCBuildConfiguration;
			buildSettings = {
				ALWAYS_EMBED_SWIFT_STANDARD_LIBRARIES = YES;
				BUNDLE_LOADER = "$(TEST_HOST)";
				"CODE_SIGN_IDENTITY[sdk=macosx*]" = "-";
				CODE_SIGN_STYLE = Automatic;
				CURRENT_PROJECT_VERSION = 1;
				DEVELOPMENT_TEAM = WJAZ3XSD4V;
				GENERATE_INFOPLIST_FILE = YES;
				MACOSX_DEPLOYMENT_TARGET = 14.5;
				MARKETING_VERSION = 1.0;
				PRODUCT_BUNDLE_IDENTIFIER = br.com.jao.app.ReminderMenuBarTests;
				PRODUCT_NAME = "$(TARGET_NAME)";
				SWIFT_EMIT_LOC_STRINGS = NO;
				SWIFT_VERSION = 5.0;
				TEST_HOST = "$(BUILT_PRODUCTS_DIR)/ReminderMenuBar.app/$(BUNDLE_EXECUTABLE_FOLDER_PATH)/ReminderMenuBar";
			};
			name = Debug;
		};
		319BB0DC2C00D34500A43AC4 /* Release */ = {
			isa = XCBuildConfiguration;
			buildSettings = {
				ALWAYS_EMBED_SWIFT_STANDARD_LIBRARIES = YES;
				BUNDLE_LOADER = "$(TEST_HOST)";
				"CODE_SIGN_IDENTITY[sdk=macosx*]" = "-";
				CODE_SIGN_STYLE = Automatic;
				CURRENT_PROJECT_VERSION = 1;
				DEVELOPMENT_TEAM = WJAZ3XSD4V;
				GENERATE_INFOPLIST_FILE = YES;
				MACOSX_DEPLOYMENT_TARGET = 14.5;
				MARKETING_VERSION = 1.0;
				PRODUCT_BUNDLE_IDENTIFIER = br.com.jao.app.ReminderMenuBarTests;
				PRODUCT_NAME = "$(TARGET_NAME)";
				SWIFT_EMIT_LOC_STRINGS = NO;
				SWIFT_VERSION = 5.0;
				TEST_HOST = "$(BUILT_PRODUCTS_DIR)/ReminderMenuBar.app/$(BUNDLE_EXECUTABLE_FOLDER_PATH)/ReminderMenuBar";
			};
			name = Release;
		};
		319BB0DE2C00D34500A43AC4 /* Debug */ = {
			isa = XCBuildConfiguration;
			buildSettings = {
				ALWAYS_EMBED_SWIFT_STANDARD_LIBRARIES = YES;
				"CODE_SIGN_IDENTITY[sdk=macosx*]" = "-";
				CODE_SIGN_STYLE = Automatic;
				CURRENT_PROJECT_VERSION = 1;
				DEVELOPMENT_TEAM = WJAZ3XSD4V;
				GENERATE_INFOPLIST_FILE = YES;
				MARKETING_VERSION = 1.0;
				PRODUCT_BUNDLE_IDENTIFIER = br.com.jao.app.ReminderMenuBarUITests;
				PRODUCT_NAME = "$(TARGET_NAME)";
				SWIFT_EMIT_LOC_STRINGS = NO;
				SWIFT_VERSION = 5.0;
				TEST_TARGET_NAME = ReminderMenuBar;
			};
			name = Debug;
		};
		319BB0DF2C00D34500A43AC4 /* Release */ = {
			isa = XCBuildConfiguration;
			buildSettings = {
				ALWAYS_EMBED_SWIFT_STANDARD_LIBRARIES = YES;
				"CODE_SIGN_IDENTITY[sdk=macosx*]" = "-";
				CODE_SIGN_STYLE = Automatic;
				CURRENT_PROJECT_VERSION = 1;
				DEVELOPMENT_TEAM = WJAZ3XSD4V;
				GENERATE_INFOPLIST_FILE = YES;
				MARKETING_VERSION = 1.0;
				PRODUCT_BUNDLE_IDENTIFIER = br.com.jao.app.ReminderMenuBarUITests;
				PRODUCT_NAME = "$(TARGET_NAME)";
				SWIFT_EMIT_LOC_STRINGS = NO;
				SWIFT_VERSION = 5.0;
				TEST_TARGET_NAME = ReminderMenuBar;
			};
			name = Release;
		};
/* End XCBuildConfiguration section */

/* Begin XCConfigurationList section */
		319BB0AD2C00D34300A43AC4 /* Build configuration list for PBXProject "ReminderMenuBar" */ = {
			isa = XCConfigurationList;
			buildConfigurations = (
				319BB0D52C00D34500A43AC4 /* Debug */,
				319BB0D62C00D34500A43AC4 /* Release */,
			);
			defaultConfigurationIsVisible = 0;
			defaultConfigurationName = Release;
		};
		319BB0D72C00D34500A43AC4 /* Build configuration list for PBXNativeTarget "ReminderMenuBar" */ = {
			isa = XCConfigurationList;
			buildConfigurations = (
				319BB0D82C00D34500A43AC4 /* Debug */,
				319BB0D92C00D34500A43AC4 /* Release */,
			);
			defaultConfigurationIsVisible = 0;
			defaultConfigurationName = Release;
		};
		319BB0DA2C00D34500A43AC4 /* Build configuration list for PBXNativeTarget "ReminderMenuBarTests" */ = {
			isa = XCConfigurationList;
			buildConfigurations = (
				319BB0DB2C00D34500A43AC4 /* Debug */,
				319BB0DC2C00D34500A43AC4 /* Release */,
			);
			defaultConfigurationIsVisible = 0;
			defaultConfigurationName = Release;
		};
		319BB0DD2C00D34500A43AC4 /* Build configuration list for PBXNativeTarget "ReminderMenuBarUITests" */ = {
			isa = XCConfigurationList;
			buildConfigurations = (
				319BB0DE2C00D34500A43AC4 /* Debug */,
				319BB0DF2C00D34500A43AC4 /* Release */,
			);
			defaultConfigurationIsVisible = 0;
			defaultConfigurationName = Release;
		};
/* End XCConfigurationList section */
	};
	rootObject = 319BB0AA2C00D34300A43AC4 /* Project object */;
}
